
Microsoft Visual Studio Solution File, Format Version 12.00
# Visual Studio Version 16
VisualStudioVersion = 16.0.29403.142
MinimumVisualStudioVersion = 10.0.40219.1
Project("{FAE04EC0-301F-11D3-BF4B-00C04F79EFBC}") = "Shop.Common", "Shop.Common\Shop.Common.csproj", "{561ABF3F-1A18-4F30-B900-DA34421A2D46}"
EndProject
Project("{2150E333-8FDC-42A3-9474-1A3956D46DE8}") = "Backend", "Backend", "{55C4D100-10F5-40AD-81FD-DA775DEE6192}"
EndProject
Project("{2150E333-8FDC-42A3-9474-1A3956D46DE8}") = "Frontend", "Frontend", "{AAFB0771-5C8D-43C7-B3AD-5FD938F916EF}"
EndProject
Project("{FAE04EC0-301F-11D3-BF4B-00C04F79EFBC}") = "Shop.Web", "Shop.Web\Shop.Web.csproj", "{7BCCBAE5-5C03-4717-89A1-5453AA8CF5C7}"
EndProject
Project("{2150E333-8FDC-42A3-9474-1A3956D46DE8}") = "Forms", "Forms", "{E5F2F013-51E2-4FCA-A44B-2818C3956704}"
EndProject
Project("{2150E333-8FDC-42A3-9474-1A3956D46DE8}") = "Classic", "Classic", "{ECE59161-F00F-439B-BC1E-9C4DAABCD22C}"
EndProject
Project("{FAE04EC0-301F-11D3-BF4B-00C04F79EFBC}") = "Shop.UIForms.Android", "Shop.UIForms\Shop.UIForms.Android\Shop.UIForms.Android.csproj", "{31627923-D06B-4C36-94BE-CCA616CFB06A}"
EndProject
Project("{FAE04EC0-301F-11D3-BF4B-00C04F79EFBC}") = "Shop.UIForms.iOS", "Shop.UIForms\Shop.UIForms.iOS\Shop.UIForms.iOS.csproj", "{3FA2A31C-D749-4DC6-96B9-CC08C0D79BF0}"
EndProject
Project("{FAE04EC0-301F-11D3-BF4B-00C04F79EFBC}") = "Shop.UIForms", "Shop.UIForms\Shop.UIForms\Shop.UIForms.csproj", "{673A586E-086C-475A-B36A-D4DDB7AD3AF4}"
EndProject
Project("{FAE04EC0-301F-11D3-BF4B-00C04F79EFBC}") = "Shop.UIClassic", "Shop.UIClassic\Shop.UIClassic.csproj", "{70DED7F4-F5B2-465A-BB38-07D54442B92E}"
EndProject
Project("{FAE04EC0-301F-11D3-BF4B-00C04F79EFBC}") = "Shop.UIClassic.Android", "Shop.UIClassic.Android\Shop.UIClassic.Android.csproj", "{0AE92852-CD9E-4463-9437-981D205863C6}"
EndProject
Project("{FAE04EC0-301F-11D3-BF4B-00C04F79EFBC}") = "Shop.UIClassic.iOS", "Shop.UIClassic.iOS\Shop.UIClassic.iOS.csproj", "{473608CC-27A4-4017-8F17-5FE1FC33485A}"
EndProject
Global
	GlobalSection(SolutionConfigurationPlatforms) = preSolution
		Debug|Any CPU = Debug|Any CPU
		Debug|iPhone = Debug|iPhone
		Debug|iPhoneSimulator = Debug|iPhoneSimulator
		Release|Any CPU = Release|Any CPU
		Release|iPhone = Release|iPhone
		Release|iPhoneSimulator = Release|iPhoneSimulator
	EndGlobalSection
	GlobalSection(ProjectConfigurationPlatforms) = postSolution
		{561ABF3F-1A18-4F30-B900-DA34421A2D46}.Debug|Any CPU.ActiveCfg = Debug|Any CPU
		{561ABF3F-1A18-4F30-B900-DA34421A2D46}.Debug|Any CPU.Build.0 = Debug|Any CPU
		{561ABF3F-1A18-4F30-B900-DA34421A2D46}.Debug|iPhone.ActiveCfg = Debug|Any CPU
		{561ABF3F-1A18-4F30-B900-DA34421A2D46}.Debug|iPhone.Build.0 = Debug|Any CPU
		{561ABF3F-1A18-4F30-B900-DA34421A2D46}.Debug|iPhoneSimulator.ActiveCfg = Debug|Any CPU
		{561ABF3F-1A18-4F30-B900-DA34421A2D46}.Debug|iPhoneSimulator.Build.0 = Debug|Any CPU
		{561ABF3F-1A18-4F30-B900-DA34421A2D46}.Release|Any CPU.ActiveCfg = Release|Any CPU
		{561ABF3F-1A18-4F30-B900-DA34421A2D46}.Release|Any CPU.Build.0 = Release|Any CPU
		{561ABF3F-1A18-4F30-B900-DA34421A2D46}.Release|iPhone.ActiveCfg = Release|Any CPU
		{561ABF3F-1A18-4F30-B900-DA34421A2D46}.Release|iPhone.Build.0 = Release|Any CPU
		{561ABF3F-1A18-4F30-B900-DA34421A2D46}.Release|iPhoneSimulator.ActiveCfg = Release|Any CPU
		{561ABF3F-1A18-4F30-B900-DA34421A2D46}.Release|iPhoneSimulator.Build.0 = Release|Any CPU
		{7BCCBAE5-5C03-4717-89A1-5453AA8CF5C7}.Debug|Any CPU.ActiveCfg = Debug|Any CPU
		{7BCCBAE5-5C03-4717-89A1-5453AA8CF5C7}.Debug|Any CPU.Build.0 = Debug|Any CPU
		{7BCCBAE5-5C03-4717-89A1-5453AA8CF5C7}.Debug|iPhone.ActiveCfg = Debug|Any CPU
		{7BCCBAE5-5C03-4717-89A1-5453AA8CF5C7}.Debug|iPhone.Build.0 = Debug|Any CPU
		{7BCCBAE5-5C03-4717-89A1-5453AA8CF5C7}.Debug|iPhoneSimulator.ActiveCfg = Debug|Any CPU
		{7BCCBAE5-5C03-4717-89A1-5453AA8CF5C7}.Debug|iPhoneSimulator.Build.0 = Debug|Any CPU
		{7BCCBAE5-5C03-4717-89A1-5453AA8CF5C7}.Release|Any CPU.ActiveCfg = Release|Any CPU
		{7BCCBAE5-5C03-4717-89A1-5453AA8CF5C7}.Release|Any CPU.Build.0 = Release|Any CPU
		{7BCCBAE5-5C03-4717-89A1-5453AA8CF5C7}.Release|iPhone.ActiveCfg = Release|Any CPU
		{7BCCBAE5-5C03-4717-89A1-5453AA8CF5C7}.Release|iPhone.Build.0 = Release|Any CPU
		{7BCCBAE5-5C03-4717-89A1-5453AA8CF5C7}.Release|iPhoneSimulator.ActiveCfg = Release|Any CPU
		{7BCCBAE5-5C03-4717-89A1-5453AA8CF5C7}.Release|iPhoneSimulator.Build.0 = Release|Any CPU
		{31627923-D06B-4C36-94BE-CCA616CFB06A}.Debug|Any CPU.ActiveCfg = Debug|Any CPU
		{31627923-D06B-4C36-94BE-CCA616CFB06A}.Debug|Any CPU.Build.0 = Debug|Any CPU
		{31627923-D06B-4C36-94BE-CCA616CFB06A}.Debug|Any CPU.Deploy.0 = Debug|Any CPU
		{31627923-D06B-4C36-94BE-CCA616CFB06A}.Debug|iPhone.ActiveCfg = Debug|Any CPU
		{31627923-D06B-4C36-94BE-CCA616CFB06A}.Debug|iPhone.Build.0 = Debug|Any CPU
		{31627923-D06B-4C36-94BE-CCA616CFB06A}.Debug|iPhone.Deploy.0 = Debug|Any CPU
		{31627923-D06B-4C36-94BE-CCA616CFB06A}.Debug|iPhoneSimulator.ActiveCfg = Debug|Any CPU
		{31627923-D06B-4C36-94BE-CCA616CFB06A}.Debug|iPhoneSimulator.Build.0 = Debug|Any CPU
		{31627923-D06B-4C36-94BE-CCA616CFB06A}.Debug|iPhoneSimulator.Deploy.0 = Debug|Any CPU
		{31627923-D06B-4C36-94BE-CCA616CFB06A}.Release|Any CPU.ActiveCfg = Release|Any CPU
		{31627923-D06B-4C36-94BE-CCA616CFB06A}.Release|Any CPU.Build.0 = Release|Any CPU
		{31627923-D06B-4C36-94BE-CCA616CFB06A}.Release|Any CPU.Deploy.0 = Release|Any CPU
		{31627923-D06B-4C36-94BE-CCA616CFB06A}.Release|iPhone.ActiveCfg = Release|Any CPU
		{31627923-D06B-4C36-94BE-CCA616CFB06A}.Release|iPhone.Build.0 = Release|Any CPU
		{31627923-D06B-4C36-94BE-CCA616CFB06A}.Release|iPhone.Deploy.0 = Release|Any CPU
		{31627923-D06B-4C36-94BE-CCA616CFB06A}.Release|iPhoneSimulator.ActiveCfg = Release|Any CPU
		{31627923-D06B-4C36-94BE-CCA616CFB06A}.Release|iPhoneSimulator.Build.0 = Release|Any CPU
		{31627923-D06B-4C36-94BE-CCA616CFB06A}.Release|iPhoneSimulator.Deploy.0 = Release|Any CPU
		{3FA2A31C-D749-4DC6-96B9-CC08C0D79BF0}.Debug|Any CPU.ActiveCfg = Debug|iPhone
		{3FA2A31C-D749-4DC6-96B9-CC08C0D79BF0}.Debug|iPhone.ActiveCfg = Debug|iPhone
		{3FA2A31C-D749-4DC6-96B9-CC08C0D79BF0}.Debug|iPhone.Build.0 = Debug|iPhone
		{3FA2A31C-D749-4DC6-96B9-CC08C0D79BF0}.Debug|iPhoneSimulator.ActiveCfg = Debug|iPhoneSimulator
		{3FA2A31C-D749-4DC6-96B9-CC08C0D79BF0}.Debug|iPhoneSimulator.Build.0 = Debug|iPhoneSimulator
		{3FA2A31C-D749-4DC6-96B9-CC08C0D79BF0}.Release|Any CPU.ActiveCfg = Release|iPhone
		{3FA2A31C-D749-4DC6-96B9-CC08C0D79BF0}.Release|iPhone.ActiveCfg = Release|iPhone
		{3FA2A31C-D749-4DC6-96B9-CC08C0D79BF0}.Release|iPhone.Build.0 = Release|iPhone
		{3FA2A31C-D749-4DC6-96B9-CC08C0D79BF0}.Release|iPhoneSimulator.ActiveCfg = Release|iPhoneSimulator
		{3FA2A31C-D749-4DC6-96B9-CC08C0D79BF0}.Release|iPhoneSimulator.Build.0 = Release|iPhoneSimulator
		{673A586E-086C-475A-B36A-D4DDB7AD3AF4}.Debug|Any CPU.ActiveCfg = Debug|Any CPU
		{673A586E-086C-475A-B36A-D4DDB7AD3AF4}.Debug|Any CPU.Build.0 = Debug|Any CPU
		{673A586E-086C-475A-B36A-D4DDB7AD3AF4}.Debug|iPhone.ActiveCfg = Debug|Any CPU
		{673A586E-086C-475A-B36A-D4DDB7AD3AF4}.Debug|iPhone.Build.0 = Debug|Any CPU
		{673A586E-086C-475A-B36A-D4DDB7AD3AF4}.Debug|iPhoneSimulator.ActiveCfg = Debug|Any CPU
		{673A586E-086C-475A-B36A-D4DDB7AD3AF4}.Debug|iPhoneSimulator.Build.0 = Debug|Any CPU
		{673A586E-086C-475A-B36A-D4DDB7AD3AF4}.Release|Any CPU.ActiveCfg = Release|Any CPU
		{673A586E-086C-475A-B36A-D4DDB7AD3AF4}.Release|Any CPU.Build.0 = Release|Any CPU
		{673A586E-086C-475A-B36A-D4DDB7AD3AF4}.Release|iPhone.ActiveCfg = Release|Any CPU
		{673A586E-086C-475A-B36A-D4DDB7AD3AF4}.Release|iPhone.Build.0 = Release|Any CPU
		{673A586E-086C-475A-B36A-D4DDB7AD3AF4}.Release|iPhoneSimulator.ActiveCfg = Release|Any CPU
		{673A586E-086C-475A-B36A-D4DDB7AD3AF4}.Release|iPhoneSimulator.Build.0 = Release|Any CPU
		{70DED7F4-F5B2-465A-BB38-07D54442B92E}.Debug|Any CPU.ActiveCfg = Debug|Any CPU
		{70DED7F4-F5B2-465A-BB38-07D54442B92E}.Debug|Any CPU.Build.0 = Debug|Any CPU
		{70DED7F4-F5B2-465A-BB38-07D54442B92E}.Debug|iPhone.ActiveCfg = Debug|Any CPU
		{70DED7F4-F5B2-465A-BB38-07D54442B92E}.Debug|iPhone.Build.0 = Debug|Any CPU
		{70DED7F4-F5B2-465A-BB38-07D54442B92E}.Debug|iPhoneSimulator.ActiveCfg = Debug|Any CPU
		{70DED7F4-F5B2-465A-BB38-07D54442B92E}.Debug|iPhoneSimulator.Build.0 = Debug|Any CPU
		{70DED7F4-F5B2-465A-BB38-07D54442B92E}.Release|Any CPU.ActiveCfg = Release|Any CPU
		{70DED7F4-F5B2-465A-BB38-07D54442B92E}.Release|Any CPU.Build.0 = Release|Any CPU
		{70DED7F4-F5B2-465A-BB38-07D54442B92E}.Release|iPhone.ActiveCfg = Release|Any CPU
		{70DED7F4-F5B2-465A-BB38-07D54442B92E}.Release|iPhone.Build.0 = Release|Any CPU
		{70DED7F4-F5B2-465A-BB38-07D54442B92E}.Release|iPhoneSimulator.ActiveCfg = Release|Any CPU
		{70DED7F4-F5B2-465A-BB38-07D54442B92E}.Release|iPhoneSimulator.Build.0 = Release|Any CPU
		{0AE92852-CD9E-4463-9437-981D205863C6}.Debug|Any CPU.ActiveCfg = Debug|Any CPU
		{0AE92852-CD9E-4463-9437-981D205863C6}.Debug|Any CPU.Build.0 = Debug|Any CPU
		{0AE92852-CD9E-4463-9437-981D205863C6}.Debug|Any CPU.Deploy.0 = Debug|Any CPU
		{0AE92852-CD9E-4463-9437-981D205863C6}.Debug|iPhone.ActiveCfg = Debug|Any CPU
		{0AE92852-CD9E-4463-9437-981D205863C6}.Debug|iPhone.Build.0 = Debug|Any CPU
		{0AE92852-CD9E-4463-9437-981D205863C6}.Debug|iPhone.Deploy.0 = Debug|Any CPU
		{0AE92852-CD9E-4463-9437-981D205863C6}.Debug|iPhoneSimulator.ActiveCfg = Debug|Any CPU
		{0AE92852-CD9E-4463-9437-981D205863C6}.Debug|iPhoneSimulator.Build.0 = Debug|Any CPU
		{0AE92852-CD9E-4463-9437-981D205863C6}.Debug|iPhoneSimulator.Deploy.0 = Debug|Any CPU
		{0AE92852-CD9E-4463-9437-981D205863C6}.Release|Any CPU.ActiveCfg = Release|Any CPU
		{0AE92852-CD9E-4463-9437-981D205863C6}.Release|Any CPU.Build.0 = Release|Any CPU
		{0AE92852-CD9E-4463-9437-981D205863C6}.Release|Any CPU.Deploy.0 = Release|Any CPU
		{0AE92852-CD9E-4463-9437-981D205863C6}.Release|iPhone.ActiveCfg = Release|Any CPU
		{0AE92852-CD9E-4463-9437-981D205863C6}.Release|iPhone.Build.0 = Release|Any CPU
		{0AE92852-CD9E-4463-9437-981D205863C6}.Release|iPhone.Deploy.0 = Release|Any CPU
		{0AE92852-CD9E-4463-9437-981D205863C6}.Release|iPhoneSimulator.ActiveCfg = Release|Any CPU
		{0AE92852-CD9E-4463-9437-981D205863C6}.Release|iPhoneSimulator.Build.0 = Release|Any CPU
		{0AE92852-CD9E-4463-9437-981D205863C6}.Release|iPhoneSimulator.Deploy.0 = Release|Any CPU
		{473608CC-27A4-4017-8F17-5FE1FC33485A}.Debug|Any CPU.ActiveCfg = Debug|iPhone
		{473608CC-27A4-4017-8F17-5FE1FC33485A}.Debug|iPhone.ActiveCfg = Debug|iPhone
		{473608CC-27A4-4017-8F17-5FE1FC33485A}.Debug|iPhone.Build.0 = Debug|iPhone
		{473608CC-27A4-4017-8F17-5FE1FC33485A}.Debug|iPhoneSimulator.ActiveCfg = Debug|iPhoneSimulator
		{473608CC-27A4-4017-8F17-5FE1FC33485A}.Debug|iPhoneSimulator.Build.0 = Debug|iPhoneSimulator
		{473608CC-27A4-4017-8F17-5FE1FC33485A}.Release|Any CPU.ActiveCfg = Release|iPhone
		{473608CC-27A4-4017-8F17-5FE1FC33485A}.Release|iPhone.ActiveCfg = Release|iPhone
		{473608CC-27A4-4017-8F17-5FE1FC33485A}.Release|iPhone.Build.0 = Release|iPhone
		{473608CC-27A4-4017-8F17-5FE1FC33485A}.Release|iPhoneSimulator.ActiveCfg = Release|iPhoneSimulator
		{473608CC-27A4-4017-8F17-5FE1FC33485A}.Release|iPhoneSimulator.Build.0 = Release|iPhoneSimulator
	EndGlobalSection
	GlobalSection(SolutionProperties) = preSolution
		HideSolutionNode = FALSE
	EndGlobalSection
	GlobalSection(NestedProjects) = preSolution
		{7BCCBAE5-5C03-4717-89A1-5453AA8CF5C7} = {55C4D100-10F5-40AD-81FD-DA775DEE6192}
		{E5F2F013-51E2-4FCA-A44B-2818C3956704} = {AAFB0771-5C8D-43C7-B3AD-5FD938F916EF}
		{ECE59161-F00F-439B-BC1E-9C4DAABCD22C} = {AAFB0771-5C8D-43C7-B3AD-5FD938F916EF}
		{31627923-D06B-4C36-94BE-CCA616CFB06A} = {E5F2F013-51E2-4FCA-A44B-2818C3956704}
		{3FA2A31C-D749-4DC6-96B9-CC08C0D79BF0} = {E5F2F013-51E2-4FCA-A44B-2818C3956704}
		{673A586E-086C-475A-B36A-D4DDB7AD3AF4} = {E5F2F013-51E2-4FCA-A44B-2818C3956704}
		{70DED7F4-F5B2-465A-BB38-07D54442B92E} = {ECE59161-F00F-439B-BC1E-9C4DAABCD22C}
		{0AE92852-CD9E-4463-9437-981D205863C6} = {ECE59161-F00F-439B-BC1E-9C4DAABCD22C}
		{473608CC-27A4-4017-8F17-5FE1FC33485A} = {ECE59161-F00F-439B-BC1E-9C4DAABCD22C}
	EndGlobalSection
	GlobalSection(ExtensibilityGlobals) = postSolution
		SolutionGuid = {37876344-512E-487C-9F62-E14DF72BA4AD}
	EndGlobalSection
EndGlobal
